<?xml version="1.0" encoding="utf-8"?>
<Project ToolsVersion="4.0" xmlns="http://schemas.microsoft.com/developer/msbuild/2003">
  <ItemGroup>
    <ClCompile Include="Camera.cpp" />
    <ClCompile Include="Cube.cpp" />
    <ClCompile Include="directinput.cpp" />
    <ClCompile Include="Engine.cpp" />
    <ClCompile Include="Entity2D.cpp" />
    <ClCompile Include="Frame.cpp" />
    <ClCompile Include="Game.cpp" />
    <ClCompile Include="input.cpp" />
    <ClCompile Include="pg1_timer.cpp" />
    <ClCompile Include="Physics.cpp" />
    <ClCompile Include="Quad.cpp" />
    <ClCompile Include="Random.cpp" />
    <ClCompile Include="Renderer.cpp" />
    <ClCompile Include="ScreenText.cpp" />
    <ClCompile Include="Sound.cpp" />
    <ClCompile Include="Sprite.cpp" />
    <ClCompile Include="Tile.cpp" />
    <ClCompile Include="TileMap.cpp" />
    <ClCompile Include="tinyxml2.cpp" />
    <ClCompile Include="Vector2.cpp" />
    <ClCompile Include="vertexbuffer.cpp" />
    <ClCompile Include="Window.cpp" />
    <ClCompile Include="Animation.cpp">
      <Filter>source</Filter>
    </ClCompile>
    <ClCompile Include="pg2_indexbuffer.cpp" />
    <ClCompile Include="pg2_vertexbuffer.cpp" />
  </ItemGroup>
  <ItemGroup>
    <ClInclude Include="Quad.h" />
    <ClInclude Include="Random.h" />
    <ClInclude Include="Renderer.h" />
    <ClInclude Include="ScreenText.h" />
    <ClInclude Include="Sound.h" />
    <ClInclude Include="Sprite.h" />
    <ClInclude Include="Tile.h" />
    <ClInclude Include="TileMap.h" />
    <ClInclude Include="tinyxml2.h" />
    <ClInclude Include="Utility.h" />
    <ClInclude Include="Vector2.h" />
    <ClInclude Include="vertexbuffer.h" />
    <ClInclude Include="Window.h" />
    <ClInclude Include="Animation.h">
      <Filter>headers</Filter>
    </ClInclude>
    <ClInclude Include="Camera.h">
      <Filter>headers</Filter>
    </ClInclude>
    <ClInclude Include="Cube.h">
      <Filter>headers</Filter>
    </ClInclude>
    <ClInclude Include="directinput.h">
      <Filter>headers</Filter>
    </ClInclude>
    <ClInclude Include="Engine.h">
      <Filter>headers</Filter>
    </ClInclude>
    <ClInclude Include="Entity2D.h">
      <Filter>headers</Filter>
    </ClInclude>
    <ClInclude Include="Frame.h">
      <Filter>headers</Filter>
    </ClInclude>
    <ClInclude Include="input.h">
      <Filter>headers</Filter>
    </ClInclude>
    <ClInclude Include="Mesh.h">
      <Filter>headers</Filter>
    </ClInclude>
    <ClInclude Include="pg1_timer.h">
      <Filter>headers</Filter>
    </ClInclude>
    <ClInclude Include="Physics.h">
      <Filter>headers</Filter>
    </ClInclude>
    <ClInclude Include="Game.h">
      <Filter>headers</Filter>
    </ClInclude>
    <ClInclude Include="pg2_indexbuffer.h" />
    <ClInclude Include="pg2_vertexbuffer.h" />
  </ItemGroup>
  <ItemGroup>
    <None Include="input.inl">
      <Filter>headers</Filter>
    </None>
    <None Include="pg1_timer.inl">
      <Filter>headers</Filter>
    </None>
    <None Include="pg2_indexbuffer.inl" />
    <None Include="pg2_vertexbuffer.inl" />
  </ItemGroup>
  <ItemGroup>
    <Filter Include="headers">
      <UniqueIdentifier>{5ce2c7da-b790-4498-8d4c-c875fde25c1b}</UniqueIdentifier>
    </Filter>
    <Filter Include="source">
      <UniqueIdentifier>{1c12b9e4-8df8-4a43-a1a5-57b94c6647e4}</UniqueIdentifier>
    </Filter>
  </ItemGroup>
</Project>